
Microsoft Visual Studio Solution File, Format Version 12.00
# Visual Studio Version 16
VisualStudioVersion = 16.0.33214.272
MinimumVisualStudioVersion = 10.0.40219.1
Project("{9A19103F-16F7-4668-BE54-9A1E7A4F7556}") = "Basics", "Basics\Basics.csproj", "{600A758D-4735-47A9-B0C3-7E75DA1DD5D8}"
EndProject
Project("{9A19103F-16F7-4668-BE54-9A1E7A4F7556}") = "IdentityExample", "IdentityExample\IdentityExample.csproj", "{A0F04CEC-6D77-43AB-852B-855D9CA50DB9}"
EndProject
Project("{2150E333-8FDC-42A3-9474-1A3956D46DE8}") = "Basic", "Basic", "{228EA71A-FFF5-4CDE-B876-029364EBB36E}"
EndProject
Project("{2150E333-8FDC-42A3-9474-1A3956D46DE8}") = "OAuth", "OAuth", "{56959AB9-E2A0-44EA-A0F9-8003C1833C9D}"
EndProject
Project("{9A19103F-16F7-4668-BE54-9A1E7A4F7556}") = "OAuth.Server", "OAuth.Server\OAuth.Server.csproj", "{C576C12E-9772-40F8-8933-7AD11711CA03}"
EndProject
Project("{9A19103F-16F7-4668-BE54-9A1E7A4F7556}") = "OAuth.Client", "OAuth.Client\OAuth.Client.csproj", "{A31FC62F-CAF4-428D-841A-E13DB2D06170}"
EndProject
Project("{9A19103F-16F7-4668-BE54-9A1E7A4F7556}") = "OAuth.API", "OAuth.API\OAuth.API.csproj", "{ECB39B11-B7B7-48AD-AE40-E8034B3BA5C7}"
EndProject
Project("{2150E333-8FDC-42A3-9474-1A3956D46DE8}") = "IdentityServer4", "IdentityServer4", "{334ED49C-5E83-4847-A13B-B3E26808DCCA}"
EndProject
Project("{9A19103F-16F7-4668-BE54-9A1E7A4F7556}") = "IdentityServer", "IdentityServer\IdentityServer.csproj", "{5BE4BF8D-867B-47EA-83DD-15F83DBC8F5A}"
EndProject
Project("{9A19103F-16F7-4668-BE54-9A1E7A4F7556}") = "IdentityServer.ApiOne", "IdentityServer.ApiOne\IdentityServer.ApiOne.csproj", "{BC26AF22-88D3-436F-A62A-12E9168B2CB9}"
EndProject
Project("{9A19103F-16F7-4668-BE54-9A1E7A4F7556}") = "IdentityServer.ApiTwo", "IdentityServer.ApiTwo\IdentityServer.ApiTwo.csproj", "{62A024E7-5487-4C4C-BA90-D19D1D9635D9}"
EndProject
Project("{9A19103F-16F7-4668-BE54-9A1E7A4F7556}") = "IdentityServer.MvcClient", "IdentityServer.MvcClient\IdentityServer.MvcClient.csproj", "{E6249847-C1C6-4566-A85F-F6E0F4759D0B}"
EndProject
Project("{9A19103F-16F7-4668-BE54-9A1E7A4F7556}") = "IdentityServer.JavascriptClient", "IdentityServer.JavascriptClient\IdentityServer.JavascriptClient.csproj", "{B8D433C2-6920-457B-A03E-B2856BA67931}"
EndProject
Project("{FAE04EC0-301F-11D3-BF4B-00C04F79EFBC}") = "IdentityServer.WpfWinApp", "IdentityServer.WpfWinApp\IdentityServer.WpfWinApp.csproj", "{C8880CB3-5EF6-4FB4-8F5E-55E23D48EDDB}"
EndProject
Project("{FAE04EC0-301F-11D3-BF4B-00C04F79EFBC}") = "IdentityServer.AngularClient", "IdentityServer.AngularClient\IdentityServer.AngularClient.csproj", "{F3EDAB6B-7285-42B8-BF26-2BF482CD35A2}"
EndProject
Global
	GlobalSection(SolutionConfigurationPlatforms) = preSolution
		Debug|Any CPU = Debug|Any CPU
		Release|Any CPU = Release|Any CPU
	EndGlobalSection
	GlobalSection(ProjectConfigurationPlatforms) = postSolution
		{600A758D-4735-47A9-B0C3-7E75DA1DD5D8}.Debug|Any CPU.ActiveCfg = Debug|Any CPU
		{600A758D-4735-47A9-B0C3-7E75DA1DD5D8}.Debug|Any CPU.Build.0 = Debug|Any CPU
		{600A758D-4735-47A9-B0C3-7E75DA1DD5D8}.Release|Any CPU.ActiveCfg = Release|Any CPU
		{600A758D-4735-47A9-B0C3-7E75DA1DD5D8}.Release|Any CPU.Build.0 = Release|Any CPU
		{A0F04CEC-6D77-43AB-852B-855D9CA50DB9}.Debug|Any CPU.ActiveCfg = Debug|Any CPU
		{A0F04CEC-6D77-43AB-852B-855D9CA50DB9}.Debug|Any CPU.Build.0 = Debug|Any CPU
		{A0F04CEC-6D77-43AB-852B-855D9CA50DB9}.Release|Any CPU.ActiveCfg = Release|Any CPU
		{A0F04CEC-6D77-43AB-852B-855D9CA50DB9}.Release|Any CPU.Build.0 = Release|Any CPU
		{C576C12E-9772-40F8-8933-7AD11711CA03}.Debug|Any CPU.ActiveCfg = Debug|Any CPU
		{C576C12E-9772-40F8-8933-7AD11711CA03}.Debug|Any CPU.Build.0 = Debug|Any CPU
		{C576C12E-9772-40F8-8933-7AD11711CA03}.Release|Any CPU.ActiveCfg = Release|Any CPU
		{C576C12E-9772-40F8-8933-7AD11711CA03}.Release|Any CPU.Build.0 = Release|Any CPU
		{A31FC62F-CAF4-428D-841A-E13DB2D06170}.Debug|Any CPU.ActiveCfg = Debug|Any CPU
		{A31FC62F-CAF4-428D-841A-E13DB2D06170}.Debug|Any CPU.Build.0 = Debug|Any CPU
		{A31FC62F-CAF4-428D-841A-E13DB2D06170}.Release|Any CPU.ActiveCfg = Release|Any CPU
		{A31FC62F-CAF4-428D-841A-E13DB2D06170}.Release|Any CPU.Build.0 = Release|Any CPU
		{ECB39B11-B7B7-48AD-AE40-E8034B3BA5C7}.Debug|Any CPU.ActiveCfg = Debug|Any CPU
		{ECB39B11-B7B7-48AD-AE40-E8034B3BA5C7}.Debug|Any CPU.Build.0 = Debug|Any CPU
		{ECB39B11-B7B7-48AD-AE40-E8034B3BA5C7}.Release|Any CPU.ActiveCfg = Release|Any CPU
		{ECB39B11-B7B7-48AD-AE40-E8034B3BA5C7}.Release|Any CPU.Build.0 = Release|Any CPU
		{5BE4BF8D-867B-47EA-83DD-15F83DBC8F5A}.Debug|Any CPU.ActiveCfg = Debug|Any CPU
		{5BE4BF8D-867B-47EA-83DD-15F83DBC8F5A}.Debug|Any CPU.Build.0 = Debug|Any CPU
		{5BE4BF8D-867B-47EA-83DD-15F83DBC8F5A}.Release|Any CPU.ActiveCfg = Release|Any CPU
		{5BE4BF8D-867B-47EA-83DD-15F83DBC8F5A}.Release|Any CPU.Build.0 = Release|Any CPU
		{BC26AF22-88D3-436F-A62A-12E9168B2CB9}.Debug|Any CPU.ActiveCfg = Debug|Any CPU
		{BC26AF22-88D3-436F-A62A-12E9168B2CB9}.Debug|Any CPU.Build.0 = Debug|Any CPU
		{BC26AF22-88D3-436F-A62A-12E9168B2CB9}.Release|Any CPU.ActiveCfg = Release|Any CPU
		{BC26AF22-88D3-436F-A62A-12E9168B2CB9}.Release|Any CPU.Build.0 = Release|Any CPU
		{62A024E7-5487-4C4C-BA90-D19D1D9635D9}.Debug|Any CPU.ActiveCfg = Debug|Any CPU
		{62A024E7-5487-4C4C-BA90-D19D1D9635D9}.Debug|Any CPU.Build.0 = Debug|Any CPU
		{62A024E7-5487-4C4C-BA90-D19D1D9635D9}.Release|Any CPU.ActiveCfg = Release|Any CPU
		{62A024E7-5487-4C4C-BA90-D19D1D9635D9}.Release|Any CPU.Build.0 = Release|Any CPU
		{E6249847-C1C6-4566-A85F-F6E0F4759D0B}.Debug|Any CPU.ActiveCfg = Debug|Any CPU
		{E6249847-C1C6-4566-A85F-F6E0F4759D0B}.Debug|Any CPU.Build.0 = Debug|Any CPU
		{E6249847-C1C6-4566-A85F-F6E0F4759D0B}.Release|Any CPU.ActiveCfg = Release|Any CPU
		{E6249847-C1C6-4566-A85F-F6E0F4759D0B}.Release|Any CPU.Build.0 = Release|Any CPU
		{B8D433C2-6920-457B-A03E-B2856BA67931}.Debug|Any CPU.ActiveCfg = Debug|Any CPU
		{B8D433C2-6920-457B-A03E-B2856BA67931}.Debug|Any CPU.Build.0 = Debug|Any CPU
		{B8D433C2-6920-457B-A03E-B2856BA67931}.Release|Any CPU.ActiveCfg = Release|Any CPU
		{B8D433C2-6920-457B-A03E-B2856BA67931}.Release|Any CPU.Build.0 = Release|Any CPU
		{C8880CB3-5EF6-4FB4-8F5E-55E23D48EDDB}.Debug|Any CPU.ActiveCfg = Debug|Any CPU
		{C8880CB3-5EF6-4FB4-8F5E-55E23D48EDDB}.Debug|Any CPU.Build.0 = Debug|Any CPU
		{C8880CB3-5EF6-4FB4-8F5E-55E23D48EDDB}.Release|Any CPU.ActiveCfg = Release|Any CPU
		{C8880CB3-5EF6-4FB4-8F5E-55E23D48EDDB}.Release|Any CPU.Build.0 = Release|Any CPU
		{F3EDAB6B-7285-42B8-BF26-2BF482CD35A2}.Debug|Any CPU.ActiveCfg = Debug|Any CPU
		{F3EDAB6B-7285-42B8-BF26-2BF482CD35A2}.Debug|Any CPU.Build.0 = Debug|Any CPU
		{F3EDAB6B-7285-42B8-BF26-2BF482CD35A2}.Release|Any CPU.ActiveCfg = Release|Any CPU
		{F3EDAB6B-7285-42B8-BF26-2BF482CD35A2}.Release|Any CPU.Build.0 = Release|Any CPU
	EndGlobalSection
	GlobalSection(SolutionProperties) = preSolution
		HideSolutionNode = FALSE
	EndGlobalSection
	GlobalSection(NestedProjects) = preSolution
		{600A758D-4735-47A9-B0C3-7E75DA1DD5D8} = {228EA71A-FFF5-4CDE-B876-029364EBB36E}
		{A0F04CEC-6D77-43AB-852B-855D9CA50DB9} = {228EA71A-FFF5-4CDE-B876-029364EBB36E}
		{C576C12E-9772-40F8-8933-7AD11711CA03} = {56959AB9-E2A0-44EA-A0F9-8003C1833C9D}
		{A31FC62F-CAF4-428D-841A-E13DB2D06170} = {56959AB9-E2A0-44EA-A0F9-8003C1833C9D}
		{ECB39B11-B7B7-48AD-AE40-E8034B3BA5C7} = {56959AB9-E2A0-44EA-A0F9-8003C1833C9D}
		{5BE4BF8D-867B-47EA-83DD-15F83DBC8F5A} = {334ED49C-5E83-4847-A13B-B3E26808DCCA}
		{BC26AF22-88D3-436F-A62A-12E9168B2CB9} = {334ED49C-5E83-4847-A13B-B3E26808DCCA}
		{62A024E7-5487-4C4C-BA90-D19D1D9635D9} = {334ED49C-5E83-4847-A13B-B3E26808DCCA}
		{E6249847-C1C6-4566-A85F-F6E0F4759D0B} = {334ED49C-5E83-4847-A13B-B3E26808DCCA}
		{B8D433C2-6920-457B-A03E-B2856BA67931} = {334ED49C-5E83-4847-A13B-B3E26808DCCA}
		{C8880CB3-5EF6-4FB4-8F5E-55E23D48EDDB} = {334ED49C-5E83-4847-A13B-B3E26808DCCA}
		{F3EDAB6B-7285-42B8-BF26-2BF482CD35A2} = {334ED49C-5E83-4847-A13B-B3E26808DCCA}
	EndGlobalSection
	GlobalSection(ExtensibilityGlobals) = postSolution
		SolutionGuid = {1936FCD6-AF38-4762-9DC5-545F3820F407}
	EndGlobalSection
EndGlobal
